
Microsoft Visual Studio Solution File, Format Version 12.00
# Visual Studio Version 16
VisualStudioVersion = 16.0.29905.134
MinimumVisualStudioVersion = 10.0.40219.1
Project("{9A19103F-16F7-4668-BE54-9A1E7A4F7556}") = "tunisiaToday", "tunisiaToday\tunisiaToday.csproj", "{589EC55A-D5C4-4CB6-A604-98AB3589EA87}"
EndProject
Project("{9A19103F-16F7-4668-BE54-9A1E7A4F7556}") = "tunisiaToday.Models", "tunisiaToday.Models\tunisiaToday.Models.csproj", "{99128DB0-FF40-49BA-92DF-6EE5A11DE384}"
EndProject
Project("{9A19103F-16F7-4668-BE54-9A1E7A4F7556}") = "tunisiaToday.DataAccess", "tunisiaToday.DataAccess\tunisiaToday.DataAccess.csproj", "{C8B4639A-E574-48E4-93DE-CC3D8550DD41}"
EndProject
Project("{FAE04EC0-301F-11D3-BF4B-00C04F79EFBC}") = "tunisiaToday.Utility", "tunisiaToday.Utility\tunisiaToday.Utility.csproj", "{FD2E51AB-748F-4E51-862B-2EC362A436DD}"
EndProject
Global
	GlobalSection(SolutionConfigurationPlatforms) = preSolution
		Debug|Any CPU = Debug|Any CPU
		Release|Any CPU = Release|Any CPU
	EndGlobalSection
	GlobalSection(ProjectConfigurationPlatforms) = postSolution
		{589EC55A-D5C4-4CB6-A604-98AB3589EA87}.Debug|Any CPU.ActiveCfg = Debug|Any CPU
		{589EC55A-D5C4-4CB6-A604-98AB3589EA87}.Debug|Any CPU.Build.0 = Debug|Any CPU
		{589EC55A-D5C4-4CB6-A604-98AB3589EA87}.Release|Any CPU.ActiveCfg = Release|Any CPU
		{589EC55A-D5C4-4CB6-A604-98AB3589EA87}.Release|Any CPU.Build.0 = Release|Any CPU
		{99128DB0-FF40-49BA-92DF-6EE5A11DE384}.Debug|Any CPU.ActiveCfg = Debug|Any CPU
		{99128DB0-FF40-49BA-92DF-6EE5A11DE384}.Debug|Any CPU.Build.0 = Debug|Any CPU
		{99128DB0-FF40-49BA-92DF-6EE5A11DE384}.Release|Any CPU.ActiveCfg = Release|Any CPU
		{99128DB0-FF40-49BA-92DF-6EE5A11DE384}.Release|Any CPU.Build.0 = Release|Any CPU
		{C8B4639A-E574-48E4-93DE-CC3D8550DD41}.Debug|Any CPU.ActiveCfg = Debug|Any CPU
		{C8B4639A-E574-48E4-93DE-CC3D8550DD41}.Debug|Any CPU.Build.0 = Debug|Any CPU
		{C8B4639A-E574-48E4-93DE-CC3D8550DD41}.Release|Any CPU.ActiveCfg = Release|Any CPU
		{C8B4639A-E574-48E4-93DE-CC3D8550DD41}.Release|Any CPU.Build.0 = Release|Any CPU
		{FD2E51AB-748F-4E51-862B-2EC362A436DD}.Debug|Any CPU.ActiveCfg = Debug|Any CPU
		{FD2E51AB-748F-4E51-862B-2EC362A436DD}.Debug|Any CPU.Build.0 = Debug|Any CPU
		{FD2E51AB-748F-4E51-862B-2EC362A436DD}.Release|Any CPU.ActiveCfg = Release|Any CPU
		{FD2E51AB-748F-4E51-862B-2EC362A436DD}.Release|Any CPU.Build.0 = Release|Any CPU
	EndGlobalSection
	GlobalSection(SolutionProperties) = preSolution
		HideSolutionNode = FALSE
	EndGlobalSection
	GlobalSection(ExtensibilityGlobals) = postSolution
		SolutionGuid = {FAEDBB80-9154-45C5-8D2F-82638EF58D6C}
	EndGlobalSection
EndGlobal
